
Microsoft Visual Studio Solution File, Format Version 12.00
# Visual Studio Version 17
VisualStudioVersion = 17.10.35013.160
MinimumVisualStudioVersion = 10.0.40219.1
Project("{FAE04EC0-301F-11D3-BF4B-00C04F79EFBC}") = "FinalTask", "FinalTask\FinalTask.csproj", "{0118A316-F85A-428C-AC86-6A2115D60703}"
EndProject
Global
	GlobalSection(SolutionConfigurationPlatforms) = preSolution
		Debug|Any CPU = Debug|Any CPU
		Release|Any CPU = Release|Any CPU
	EndGlobalSection
	GlobalSection(ProjectConfigurationPlatforms) = postSolution
		{0118A316-F85A-428C-AC86-6A2115D60703}.Debug|Any CPU.ActiveCfg = Debug|Any CPU
		{0118A316-F85A-428C-AC86-6A2115D60703}.Debug|Any CPU.Build.0 = Debug|Any CPU
		{0118A316-F85A-428C-AC86-6A2115D60703}.Release|Any CPU.ActiveCfg = Release|Any CPU
		{0118A316-F85A-428C-AC86-6A2115D60703}.Release|Any CPU.Build.0 = Release|Any CPU
	EndGlobalSection
	GlobalSection(SolutionProperties) = preSolution
		HideSolutionNode = FALSE
	EndGlobalSection
	GlobalSection(ExtensibilityGlobals) = postSolution
		SolutionGuid = {7B59FF73-F774-4D7D-8F0E-0F789FBCB5F1}
	EndGlobalSection
EndGlobal
